
Microsoft Visual Studio Solution File, Format Version 12.00
# Visual Studio Version 17
VisualStudioVersion = 17.7.34221.43
MinimumVisualStudioVersion = 10.0.40219.1
Project("{9A19103F-16F7-4668-BE54-9A1E7A4F7556}") = "collections", "collections\collections.csproj", "{C749D0DC-C555-4A2E-A45C-AA978CE71054}"
EndProject
Global
	GlobalSection(SolutionConfigurationPlatforms) = preSolution
		Debug|Any CPU = Debug|Any CPU
		Release|Any CPU = Release|Any CPU
	EndGlobalSection
	GlobalSection(ProjectConfigurationPlatforms) = postSolution
		{C749D0DC-C555-4A2E-A45C-AA978CE71054}.Debug|Any CPU.ActiveCfg = Debug|Any CPU
		{C749D0DC-C555-4A2E-A45C-AA978CE71054}.Debug|Any CPU.Build.0 = Debug|Any CPU
		{C749D0DC-C555-4A2E-A45C-AA978CE71054}.Release|Any CPU.ActiveCfg = Release|Any CPU
		{C749D0DC-C555-4A2E-A45C-AA978CE71054}.Release|Any CPU.Build.0 = Release|Any CPU
	EndGlobalSection
	GlobalSection(SolutionProperties) = preSolution
		HideSolutionNode = FALSE
	EndGlobalSection
	GlobalSection(ExtensibilityGlobals) = postSolution
		SolutionGuid = {FCD1AF42-28FB-4F8F-9651-716D67CE1D68}
	EndGlobalSection
EndGlobal
